
Microsoft Visual Studio Solution File, Format Version 12.00
# Visual Studio Version 16
VisualStudioVersion = 16.0.29411.108
MinimumVisualStudioVersion = 10.0.40219.1
Project("{FAE04EC0-301F-11D3-BF4B-00C04F79EFBC}") = "BotonesRelease", "BotonesRelease\BotonesRelease.csproj", "{CBBA84D3-3801-49EA-B6D7-662565E18404}"
EndProject
Global
	GlobalSection(SolutionConfigurationPlatforms) = preSolution
		Debug|Any CPU = Debug|Any CPU
		Release|Any CPU = Release|Any CPU
	EndGlobalSection
	GlobalSection(ProjectConfigurationPlatforms) = postSolution
		{CBBA84D3-3801-49EA-B6D7-662565E18404}.Debug|Any CPU.ActiveCfg = Debug|Any CPU
		{CBBA84D3-3801-49EA-B6D7-662565E18404}.Debug|Any CPU.Build.0 = Debug|Any CPU
		{CBBA84D3-3801-49EA-B6D7-662565E18404}.Release|Any CPU.ActiveCfg = Release|Any CPU
		{CBBA84D3-3801-49EA-B6D7-662565E18404}.Release|Any CPU.Build.0 = Release|Any CPU
	EndGlobalSection
	GlobalSection(SolutionProperties) = preSolution
		HideSolutionNode = FALSE
	EndGlobalSection
	GlobalSection(ExtensibilityGlobals) = postSolution
		SolutionGuid = {56CDA17D-3325-42AE-9847-3ABBB73CB5B3}
	EndGlobalSection
EndGlobal
